github.com/x64c/srcutils/go/internal v0.2.2 h1:QOYe0zWk8wjMpBD2ECM8n2j4no7/LYXbWmAa7eR+m1s=
github.com/x64c/srcutils/go/internal v0.2.2/go.mod h1:eId93w6r0WK2lttctx3z0EQOTNDwrHuQzDHSb2d01gI=
github.com/x64c/srcutils/go/sort-imports v0.2.2 h1:xd2JJURH1Au89lEgy9x95xFi5O3EFGXeLzjL7hJ5Zm4=
github.com/x64c/srcutils/go/sort-imports v0.2.2/go.mod h1:mjT0cwmPslkk+qeCdXlwRjCKXQbYHfvimR+awuaUXHU=
golang.org/x/mod v0.38.0 h1:MECBjubtXD7yj4HrhIUcywNaGeNVUdfVnxmPajOk4yk=
golang.org/x/mod v0.38.0/go.mod h1:V6Xz0pq8TQ3dGqVQ1FVHuelZpAL0uNhSkk9ogYP3c40=
